
Microsoft Visual Studio Solution File, Format Version 12.00
# Visual Studio Version 17
VisualStudioVersion = 17.1.32210.238
MinimumVisualStudioVersion = 10.0.40219.1
Project("{8BC9CEB8-8B4A-11D0-8D11-00A0C91BC942}") = "programming-tasks", "programming-tasks.vcxproj", "{7FF3B31E-42FC-4741-98D3-C538E2847AA1}"
EndProject
Project("{8BC9CEB8-8B4A-11D0-8D11-00A0C91BC942}") = "three-sum", "..\three-sum\three-sum.vcxproj", "{723BCF55-F6B5-497B-A4E2-70313C2680F2}"
EndProject
Project("{8BC9CEB8-8B4A-11D0-8D11-00A0C91BC942}") = "group-anagrams", "..\group-anagrams\group-anagrams.vcxproj", "{52381C4D-A3E8-4F40-B9A1-299D3DD2779F}"
EndProject
Project("{8BC9CEB8-8B4A-11D0-8D11-00A0C91BC942}") = "longest-substring-without-repeating", "..\longest-substring-without-repeating\longest-substring-without-repeating.vcxproj", "{F8CBB55C-1EBF-416E-84A1-9DC5C3C3BC26}"
EndProject
Project("{8BC9CEB8-8B4A-11D0-8D11-00A0C91BC942}") = "string-to-integer", "..\string-to-integer\string-to-integer.vcxproj", "{58821BBF-F588-423D-943C-D4701D281589}"
EndProject
Global
	GlobalSection(SolutionConfigurationPlatforms) = preSolution
		Debug|x64 = Debug|x64
		Debug|x86 = Debug|x86
		Release|x64 = Release|x64
		Release|x86 = Release|x86
	EndGlobalSection
	GlobalSection(ProjectConfigurationPlatforms) = postSolution
		{7FF3B31E-42FC-4741-98D3-C538E2847AA1}.Debug|x64.ActiveCfg = Debug|x64
		{7FF3B31E-42FC-4741-98D3-C538E2847AA1}.Debug|x64.Build.0 = Debug|x64
		{7FF3B31E-42FC-4741-98D3-C538E2847AA1}.Debug|x86.ActiveCfg = Debug|Win32
		{7FF3B31E-42FC-4741-98D3-C538E2847AA1}.Debug|x86.Build.0 = Debug|Win32
		{7FF3B31E-42FC-4741-98D3-C538E2847AA1}.Release|x64.ActiveCfg = Release|x64
		{7FF3B31E-42FC-4741-98D3-C538E2847AA1}.Release|x64.Build.0 = Release|x64
		{7FF3B31E-42FC-4741-98D3-C538E2847AA1}.Release|x86.ActiveCfg = Release|Win32
		{7FF3B31E-42FC-4741-98D3-C538E2847AA1}.Release|x86.Build.0 = Release|Win32
		{723BCF55-F6B5-497B-A4E2-70313C2680F2}.Debug|x64.ActiveCfg = Debug|x64
		{723BCF55-F6B5-497B-A4E2-70313C2680F2}.Debug|x64.Build.0 = Debug|x64
		{723BCF55-F6B5-497B-A4E2-70313C2680F2}.Debug|x86.ActiveCfg = Debug|Win32
		{723BCF55-F6B5-497B-A4E2-70313C2680F2}.Debug|x86.Build.0 = Debug|Win32
		{723BCF55-F6B5-497B-A4E2-70313C2680F2}.Release|x64.ActiveCfg = Release|x64
		{723BCF55-F6B5-497B-A4E2-70313C2680F2}.Release|x64.Build.0 = Release|x64
		{723BCF55-F6B5-497B-A4E2-70313C2680F2}.Release|x86.ActiveCfg = Release|Win32
		{723BCF55-F6B5-497B-A4E2-70313C2680F2}.Release|x86.Build.0 = Release|Win32
		{52381C4D-A3E8-4F40-B9A1-299D3DD2779F}.Debug|x64.ActiveCfg = Debug|x64
		{52381C4D-A3E8-4F40-B9A1-299D3DD2779F}.Debug|x64.Build.0 = Debug|x64
		{52381C4D-A3E8-4F40-B9A1-299D3DD2779F}.Debug|x86.ActiveCfg = Debug|Win32
		{52381C4D-A3E8-4F40-B9A1-299D3DD2779F}.Debug|x86.Build.0 = Debug|Win32
		{52381C4D-A3E8-4F40-B9A1-299D3DD2779F}.Release|x64.ActiveCfg = Release|x64
		{52381C4D-A3E8-4F40-B9A1-299D3DD2779F}.Release|x64.Build.0 = Release|x64
		{52381C4D-A3E8-4F40-B9A1-299D3DD2779F}.Release|x86.ActiveCfg = Release|Win32
		{52381C4D-A3E8-4F40-B9A1-299D3DD2779F}.Release|x86.Build.0 = Release|Win32
		{F8CBB55C-1EBF-416E-84A1-9DC5C3C3BC26}.Debug|x64.ActiveCfg = Debug|x64
		{F8CBB55C-1EBF-416E-84A1-9DC5C3C3BC26}.Debug|x64.Build.0 = Debug|x64
		{F8CBB55C-1EBF-416E-84A1-9DC5C3C3BC26}.Debug|x86.ActiveCfg = Debug|Win32
		{F8CBB55C-1EBF-416E-84A1-9DC5C3C3BC26}.Debug|x86.Build.0 = Debug|Win32
		{F8CBB55C-1EBF-416E-84A1-9DC5C3C3BC26}.Release|x64.ActiveCfg = Release|x64
		{F8CBB55C-1EBF-416E-84A1-9DC5C3C3BC26}.Release|x64.Build.0 = Release|x64
		{F8CBB55C-1EBF-416E-84A1-9DC5C3C3BC26}.Release|x86.ActiveCfg = Release|Win32
		{F8CBB55C-1EBF-416E-84A1-9DC5C3C3BC26}.Release|x86.Build.0 = Release|Win32
		{58821BBF-F588-423D-943C-D4701D281589}.Debug|x64.ActiveCfg = Debug|x64
		{58821BBF-F588-423D-943C-D4701D281589}.Debug|x64.Build.0 = Debug|x64
		{58821BBF-F588-423D-943C-D4701D281589}.Debug|x86.ActiveCfg = Debug|Win32
		{58821BBF-F588-423D-943C-D4701D281589}.Debug|x86.Build.0 = Debug|Win32
		{58821BBF-F588-423D-943C-D4701D281589}.Release|x64.ActiveCfg = Release|x64
		{58821BBF-F588-423D-943C-D4701D281589}.Release|x64.Build.0 = Release|x64
		{58821BBF-F588-423D-943C-D4701D281589}.Release|x86.ActiveCfg = Release|Win32
		{58821BBF-F588-423D-943C-D4701D281589}.Release|x86.Build.0 = Release|Win32
	EndGlobalSection
	GlobalSection(SolutionProperties) = preSolution
		HideSolutionNode = FALSE
	EndGlobalSection
	GlobalSection(ExtensibilityGlobals) = postSolution
		SolutionGuid = {7AF4E052-1327-4B36-9C1A-2397614A2F4A}
	EndGlobalSection
EndGlobal
